
Microsoft Visual Studio Solution File, Format Version 10.00
# Visual Studio 2008
Project("{FAE04EC0-301F-11D3-BF4B-00C04F79EFBC}") = "LoginEx", "LoginEx\LoginEx.csproj", "{655FBA94-111A-4EF5-9CEA-16E43DB18D39}"
EndProject
Global
	GlobalSection(SolutionConfigurationPlatforms) = preSolution
		Debug|Any CPU = Debug|Any CPU
		Release|Any CPU = Release|Any CPU
	EndGlobalSection
	GlobalSection(ProjectConfigurationPlatforms) = postSolution
		{655FBA94-111A-4EF5-9CEA-16E43DB18D39}.Debug|Any CPU.ActiveCfg = Debug|Any CPU
		{655FBA94-111A-4EF5-9CEA-16E43DB18D39}.Debug|Any CPU.Build.0 = Debug|Any CPU
		{655FBA94-111A-4EF5-9CEA-16E43DB18D39}.Release|Any CPU.ActiveCfg = Release|Any CPU
		{655FBA94-111A-4EF5-9CEA-16E43DB18D39}.Release|Any CPU.Build.0 = Release|Any CPU
	EndGlobalSection
	GlobalSection(SolutionProperties) = preSolution
		HideSolutionNode = FALSE
	EndGlobalSection
EndGlobal
